
Microsoft Visual Studio Solution File, Format Version 12.00
# Visual Studio Version 16
VisualStudioVersion = 16.0.32630.194
MinimumVisualStudioVersion = 10.0.40219.1
Project("{FAE04EC0-301F-11D3-BF4B-00C04F79EFBC}") = "FilmesAPI", "FilmesAPI\FilmesAPI.csproj", "{65FAF1FD-65EB-4FA0-B0CC-7C50F9014A46}"
EndProject
Global
	GlobalSection(SolutionConfigurationPlatforms) = preSolution
		Debug|Any CPU = Debug|Any CPU
		Release|Any CPU = Release|Any CPU
	EndGlobalSection
	GlobalSection(ProjectConfigurationPlatforms) = postSolution
		{65FAF1FD-65EB-4FA0-B0CC-7C50F9014A46}.Debug|Any CPU.ActiveCfg = Debug|Any CPU
		{65FAF1FD-65EB-4FA0-B0CC-7C50F9014A46}.Debug|Any CPU.Build.0 = Debug|Any CPU
		{65FAF1FD-65EB-4FA0-B0CC-7C50F9014A46}.Release|Any CPU.ActiveCfg = Release|Any CPU
		{65FAF1FD-65EB-4FA0-B0CC-7C50F9014A46}.Release|Any CPU.Build.0 = Release|Any CPU
	EndGlobalSection
	GlobalSection(SolutionProperties) = preSolution
		HideSolutionNode = FALSE
	EndGlobalSection
	GlobalSection(ExtensibilityGlobals) = postSolution
		SolutionGuid = {D5ACBF10-D126-466B-8DBF-307E676E83EE}
	EndGlobalSection
EndGlobal
